// !$*UTF8*$!
{
	archiveVersion = 1;
	classes = {
	};
	objectVersion = 46;
	objects = {

/* Begin PBXBuildFile section */
		17BA547D00A4A6BB8B312D22 /* Pods_MyLocations.framework in Frameworks */ = {isa = PBXBuildFile; fileRef = 8FB329E72274104ECE668C5D /* Pods_MyLocations.framework */; };
		5C46E48B1D7D973F00AC6DD7 /* Functions.swift in Sources */ = {isa = PBXBuildFile; fileRef = 5C46E48A1D7D973F00AC6DD7 /* Functions.swift */; };
		5C46E48E1D7D9ABD00AC6DD7 /* DataModel.xcdatamodeld in Sources */ = {isa = PBXBuildFile; fileRef = 5C46E48C1D7D9ABD00AC6DD7 /* DataModel.xcdatamodeld */; };
		5C46E4961D7D9DD200AC6DD7 /* Location.swift in Sources */ = {isa = PBXBuildFile; fileRef = 5C46E4941D7D9DD200AC6DD7 /* Location.swift */; };
		5C46E4971D7D9DD200AC6DD7 /* Location+CoreDataProperties.swift in Sources */ = {isa = PBXBuildFile; fileRef = 5C46E4951D7D9DD200AC6DD7 /* Location+CoreDataProperties.swift */; };
		5C4F32081D79AC80003D4725 /* TagDescriptionViewController.swift in Sources */ = {isa = PBXBuildFile; fileRef = 5C4F32071D79AC80003D4725 /* TagDescriptionViewController.swift */; };
		5C5B1AAB1D786CF300314B17 /* AppDelegate.swift in Sources */ = {isa = PBXBuildFile; fileRef = 5C5B1AAA1D786CF300314B17 /* AppDelegate.swift */; };
		5C5B1AAD1D786CF300314B17 /* CurrentLocationViewController.swift in Sources */ = {isa = PBXBuildFile; fileRef = 5C5B1AAC1D786CF300314B17 /* CurrentLocationViewController.swift */; };
		5C5B1AB21D786CF300314B17 /* Main.storyboard in Resources */ = {isa = PBXBuildFile; fileRef = 5C5B1AB01D786CF300314B17 /* Main.storyboard */; };
		5C5B1AB41D786CF300314B17 /* Assets.xcassets in Resources */ = {isa = PBXBuildFile; fileRef = 5C5B1AB31D786CF300314B17 /* Assets.xcassets */; };
		5C5B1AB71D786CF300314B17 /* LaunchScreen.storyboard in Resources */ = {isa = PBXBuildFile; fileRef = 5C5B1AB51D786CF300314B17 /* LaunchScreen.storyboard */; };
		5C74E3891D7D53DF00FC0CD3 /* CategoryTableViewController.swift in Sources */ = {isa = PBXBuildFile; fileRef = 5C74E3881D7D53DF00FC0CD3 /* CategoryTableViewController.swift */; };
		5CC5E6861D7EAA430073329D /* LocationsViewController.swift in Sources */ = {isa = PBXBuildFile; fileRef = 5CC5E6851D7EAA430073329D /* LocationsViewController.swift */; };
		5CC5E6881D7EAC3A0073329D /* LocationCell.swift in Sources */ = {isa = PBXBuildFile; fileRef = 5CC5E6871D7EAC3A0073329D /* LocationCell.swift */; };
/* End PBXBuildFile section */

/* Begin PBXFileReference section */
		5C46E4891D7D8DA200AC6DD7 /* MyLocations-BridgingHeader.h */ = {isa = PBXFileReference; lastKnownFileType = sourcecode.c.h; path = "MyLocations-BridgingHeader.h"; sourceTree = "<group>"; };
		5C46E48A1D7D973F00AC6DD7 /* Functions.swift */ = {isa = PBXFileReference; fileEncoding = 4; lastKnownFileType = sourcecode.swift; path = Functions.swift; sourceTree = "<group>"; };
		5C46E48D1D7D9ABD00AC6DD7 /* DataModel.xcdatamodel */ = {isa = PBXFileReference; lastKnownFileType = wrapper.xcdatamodel; path = DataModel.xcdatamodel; sourceTree = "<group>"; };
		5C46E4941D7D9DD200AC6DD7 /* Location.swift */ = {isa = PBXFileReference; fileEncoding = 4; lastKnownFileType = sourcecode.swift; path = Location.swift; sourceTree = "<group>"; };
		5C46E4951D7D9DD200AC6DD7 /* Location+CoreDataProperties.swift */ = {isa = PBXFileReference; fileEncoding = 4; lastKnownFileType = sourcecode.swift; path = "Location+CoreDataProperties.swift"; sourceTree = "<group>"; };
		5C4F32071D79AC80003D4725 /* TagDescriptionViewController.swift */ = {isa = PBXFileReference; fileEncoding = 4; lastKnownFileType = sourcecode.swift; path = TagDescriptionViewController.swift; sourceTree = "<group>"; };
		5C5B1AA71D786CF300314B17 /* MyLocations.app */ = {isa = PBXFileReference; explicitFileType = wrapper.application; includeInIndex = 0; path = MyLocations.app; sourceTree = BUILT_PRODUCTS_DIR; };
		5C5B1AAA1D786CF300314B17 /* AppDelegate.swift */ = {isa = PBXFileReference; lastKnownFileType = sourcecode.swift; path = AppDelegate.swift; sourceTree = "<group>"; };
		5C5B1AAC1D786CF300314B17 /* CurrentLocationViewController.swift */ = {isa = PBXFileReference; lastKnownFileType = sourcecode.swift; path = CurrentLocationViewController.swift; sourceTree = "<group>"; };
		5C5B1AB11D786CF300314B17 /* Base */ = {isa = PBXFileReference; lastKnownFileType = file.storyboard; name = Base; path = Base.lproj/Main.storyboard; sourceTree = "<group>"; };
		5C5B1AB31D786CF300314B17 /* Assets.xcassets */ = {isa = PBXFileReference; lastKnownFileType = folder.assetcatalog; path = Assets.xcassets; sourceTree = "<group>"; };
		5C5B1AB61D786CF300314B17 /* Base */ = {isa = PBXFileReference; lastKnownFileType = file.storyboard; name = Base; path = Base.lproj/LaunchScreen.storyboard; sourceTree = "<group>"; };
		5C5B1AB81D786CF300314B17 /* Info.plist */ = {isa = PBXFileReference; lastKnownFileType = text.plist.xml; path = Info.plist; sourceTree = "<group>"; };
		5C74E3881D7D53DF00FC0CD3 /* CategoryTableViewController.swift */ = {isa = PBXFileReference; fileEncoding = 4; lastKnownFileType = sourcecode.swift; path = CategoryTableViewController.swift; sourceTree = "<group>"; };
		5CC5E6851D7EAA430073329D /* LocationsViewController.swift */ = {isa = PBXFileReference; fileEncoding = 4; lastKnownFileType = sourcecode.swift; path = LocationsViewController.swift; sourceTree = "<group>"; };
		5CC5E6871D7EAC3A0073329D /* LocationCell.swift */ = {isa = PBXFileReference; fileEncoding = 4; lastKnownFileType = sourcecode.swift; path = LocationCell.swift; sourceTree = "<group>"; };
		6E9466CDE31F5A31D42BE92D /* Pods-MyLocations.release.xcconfig */ = {isa = PBXFileReference; includeInIndex = 1; lastKnownFileType = text.xcconfig; name = "Pods-MyLocations.release.xcconfig"; path = "Pods/Target Support Files/Pods-MyLocations/Pods-MyLocations.release.xcconfig"; sourceTree = "<group>"; };
		8FB329E72274104ECE668C5D /* Pods_MyLocations.framework */ = {isa = PBXFileReference; explicitFileType = wrapper.framework; includeInIndex = 0; path = Pods_MyLocations.framework; sourceTree = BUILT_PRODUCTS_DIR; };
		A74632D8A91035E1315DA660 /* Pods-MyLocations.debug.xcconfig */ = {isa = PBXFileReference; includeInIndex = 1; lastKnownFileType = text.xcconfig; name = "Pods-MyLocations.debug.xcconfig"; path = "Pods/Target Support Files/Pods-MyLocations/Pods-MyLocations.debug.xcconfig"; sourceTree = "<group>"; };
/* End PBXFileReference section */

/* Begin PBXFrameworksBuildPhase section */
		5C5B1AA41D786CF300314B17 /* Frameworks */ = {
			isa = PBXFrameworksBuildPhase;
			buildActionMask = 2147483647;
			files = (
				17BA547D00A4A6BB8B312D22 /* Pods_MyLocations.framework in Frameworks */,
			);
			runOnlyForDeploymentPostprocessing = 0;
		};
/* End PBXFrameworksBuildPhase section */

/* Begin PBXGroup section */
		5C46E48F1D7D9D4800AC6DD7 /* Domain */ = {
			isa = PBXGroup;
			children = (
				5C46E4941D7D9DD200AC6DD7 /* Location.swift */,
				5C46E4951D7D9DD200AC6DD7 /* Location+CoreDataProperties.swift */,
			);
			name = Domain;
			sourceTree = "<group>";
		};
		5C4F32091D79AC91003D4725 /* Controllers */ = {
			isa = PBXGroup;
			children = (
				5C5B1AAC1D786CF300314B17 /* CurrentLocationViewController.swift */,
				5C4F32071D79AC80003D4725 /* TagDescriptionViewController.swift */,
				5C74E3881D7D53DF00FC0CD3 /* CategoryTableViewController.swift */,
				5CC5E6851D7EAA430073329D /* LocationsViewController.swift */,
			);
			name = Controllers;
			sourceTree = "<group>";
		};
		5C4F320A1D79AC9B003D4725 /* Storyboards */ = {
			isa = PBXGroup;
			children = (
				5C5B1AB01D786CF300314B17 /* Main.storyboard */,
				5C5B1AB51D786CF300314B17 /* LaunchScreen.storyboard */,
			);
			name = Storyboards;
			sourceTree = "<group>";
		};
		5C5B1A9E1D786CF300314B17 = {
			isa = PBXGroup;
			children = (
				5C5B1AA91D786CF300314B17 /* MyLocations */,
				5C5B1AA81D786CF300314B17 /* Products */,
				871C2B8CA8DB68CB334831EF /* Pods */,
				63AB03CE9B715C2F26FA1113 /* Frameworks */,
			);
			sourceTree = "<group>";
		};
		5C5B1AA81D786CF300314B17 /* Products */ = {
			isa = PBXGroup;
			children = (
				5C5B1AA71D786CF300314B17 /* MyLocations.app */,
			);
			name = Products;
			sourceTree = "<group>";
		};
		5C5B1AA91D786CF300314B17 /* MyLocations */ = {
			isa = PBXGroup;
			children = (
				5CC5E6891D7EACEF0073329D /* Model */,
				5C46E48F1D7D9D4800AC6DD7 /* Domain */,
				5C4F32091D79AC91003D4725 /* Controllers */,
				5C4F320A1D79AC9B003D4725 /* Storyboards */,
				5C5B1AAA1D786CF300314B17 /* AppDelegate.swift */,
				5C5B1AB31D786CF300314B17 /* Assets.xcassets */,
				5C5B1AB81D786CF300314B17 /* Info.plist */,
				5C46E4891D7D8DA200AC6DD7 /* MyLocations-BridgingHeader.h */,
				5C46E48A1D7D973F00AC6DD7 /* Functions.swift */,
				5C46E48C1D7D9ABD00AC6DD7 /* DataModel.xcdatamodeld */,
			);
			path = MyLocations;
			sourceTree = "<group>";
		};
		5CC5E6891D7EACEF0073329D /* Model */ = {
			isa = PBXGroup;
			children = (
				5CC5E6871D7EAC3A0073329D /* LocationCell.swift */,
			);
			name = Model;
			sourceTree = "<group>";
		};
		63AB03CE9B715C2F26FA1113 /* Frameworks */ = {
			isa = PBXGroup;
			children = (
				8FB329E72274104ECE668C5D /* Pods_MyLocations.framework */,
			);
			name = Frameworks;
			sourceTree = "<group>";
		};
		871C2B8CA8DB68CB334831EF /* Pods */ = {
			isa = PBXGroup;
			children = (
				A74632D8A91035E1315DA660 /* Pods-MyLocations.debug.xcconfig */,
				6E9466CDE31F5A31D42BE92D /* Pods-MyLocations.release.xcconfig */,
			);
			name = Pods;
			sourceTree = "<group>";
		};
/* End PBXGroup section */

/* Begin PBXNativeTarget section */
		5C5B1AA61D786CF300314B17 /* MyLocations */ = {
			isa = PBXNativeTarget;
			buildConfigurationList = 5C5B1ABB1D786CF300314B17 /* Build configuration list for PBXNativeTarget "MyLocations" */;
			buildPhases = (
				87CBB73A7958A926CEA44BC9 /* [CP] Check Pods Manifest.lock */,
				5C5B1AA31D786CF300314B17 /* Sources */,
				5C5B1AA41D786CF300314B17 /* Frameworks */,
				5C5B1AA51D786CF300314B17 /* Resources */,
				02A1F229714CDCF16BDB83DD /* [CP] Embed Pods Frameworks */,
				E8C7E77BF8BF139D843790A7 /* [CP] Copy Pods Resources */,
			);
			buildRules = (
			);
			dependencies = (
			);
			name = MyLocations;
			productName = MyLocations;
			productReference = 5C5B1AA71D786CF300314B17 /* MyLocations.app */;
			productType = "com.apple.product-type.application";
		};
/* End PBXNativeTarget section */

/* Begin PBXProject section */
		5C5B1A9F1D786CF300314B17 /* Project object */ = {
			isa = PBXProject;
			attributes = {
				LastSwiftUpdateCheck = 0730;
				LastUpgradeCheck = 0730;
				ORGANIZATIONNAME = "BT-Training";
				TargetAttributes = {
					5C5B1AA61D786CF300314B17 = {
						CreatedOnToolsVersion = 7.3.1;
					};
				};
			};
			buildConfigurationList = 5C5B1AA21D786CF300314B17 /* Build configuration list for PBXProject "MyLocations" */;
			compatibilityVersion = "Xcode 3.2";
			developmentRegion = English;
			hasScannedForEncodings = 0;
			knownRegions = (
				en,
				Base,
			);
			mainGroup = 5C5B1A9E1D786CF300314B17;
			productRefGroup = 5C5B1AA81D786CF300314B17 /* Products */;
			projectDirPath = "";
			projectRoot = "";
			targets = (
				5C5B1AA61D786CF300314B17 /* MyLocations */,
			);
		};
/* End PBXProject section */

/* Begin PBXResourcesBuildPhase section */
		5C5B1AA51D786CF300314B17 /* Resources */ = {
			isa = PBXResourcesBuildPhase;
			buildActionMask = 2147483647;
			files = (
				5C5B1AB71D786CF300314B17 /* LaunchScreen.storyboard in Resources */,
				5C5B1AB41D786CF300314B17 /* Assets.xcassets in Resources */,
				5C5B1AB21D786CF300314B17 /* Main.storyboard in Resources */,
			);
			runOnlyForDeploymentPostprocessing = 0;
		};
/* End PBXResourcesBuildPhase section */

/* Begin PBXShellScriptBuildPhase section */
		02A1F229714CDCF16BDB83DD /* [CP] Embed Pods Frameworks */ = {
			isa = PBXShellScriptBuildPhase;
			buildActionMask = 2147483647;
			files = (
			);
			inputPaths = (
			);
			name = "[CP] Embed Pods Frameworks";
			outputPaths = (
			);
			runOnlyForDeploymentPostprocessing = 0;
			shellPath = /bin/sh;
			shellScript = "\"${SRCROOT}/Pods/Target Support Files/Pods-MyLocations/Pods-MyLocations-frameworks.sh\"\n";
			showEnvVarsInLog = 0;
		};
		87CBB73A7958A926CEA44BC9 /* [CP] Check Pods Manifest.lock */ = {
			isa = PBXShellScriptBuildPhase;
			buildActionMask = 2147483647;
			files = (
			);
			inputPaths = (
			);
			name = "[CP] Check Pods Manifest.lock";
			outputPaths = (
			);
			runOnlyForDeploymentPostprocessing = 0;
			shellPath = /bin/sh;
			shellScript = "diff \"${PODS_ROOT}/../Podfile.lock\" \"${PODS_ROOT}/Manifest.lock\" > /dev/null\nif [[ $? != 0 ]] ; then\n    cat << EOM\nerror: The sandbox is not in sync with the Podfile.lock. Run 'pod install' or update your CocoaPods installation.\nEOM\n    exit 1\nfi\n";
			showEnvVarsInLog = 0;
		};
		E8C7E77BF8BF139D843790A7 /* [CP] Copy Pods Resources */ = {
			isa = PBXShellScriptBuildPhase;
			buildActionMask = 2147483647;
			files = (
			);
			inputPaths = (
			);
			name = "[CP] Copy Pods Resources";
			outputPaths = (
			);
			runOnlyForDeploymentPostprocessing = 0;
			shellPath = /bin/sh;
			shellScript = "\"${SRCROOT}/Pods/Target Support Files/Pods-MyLocations/Pods-MyLocations-resources.sh\"\n";
			showEnvVarsInLog = 0;
		};
/* End PBXShellScriptBuildPhase section */

/* Begin PBXSourcesBuildPhase section */
		5C5B1AA31D786CF300314B17 /* Sources */ = {
			isa = PBXSourcesBuildPhase;
			buildActionMask = 2147483647;
			files = (
				5C4F32081D79AC80003D4725 /* TagDescriptionViewController.swift in Sources */,
				5C46E4961D7D9DD200AC6DD7 /* Location.swift in Sources */,
				5CC5E6861D7EAA430073329D /* LocationsViewController.swift in Sources */,
				5C74E3891D7D53DF00FC0CD3 /* CategoryTableViewController.swift in Sources */,
				5C46E48E1D7D9ABD00AC6DD7 /* DataModel.xcdatamodeld in Sources */,
				5C46E4971D7D9DD200AC6DD7 /* Location+CoreDataProperties.swift in Sources */,
				5CC5E6881D7EAC3A0073329D /* LocationCell.swift in Sources */,
				5C5B1AAB1D786CF300314B17 /* AppDelegate.swift in Sources */,
				5C5B1AAD1D786CF300314B17 /* CurrentLocationViewController.swift in Sources */,
				5C46E48B1D7D973F00AC6DD7 /* Functions.swift in Sources */,
			);
			runOnlyForDeploymentPostprocessing = 0;
		};
/* End PBXSourcesBuildPhase section */

/* Begin PBXVariantGroup section */
		5C5B1AB01D786CF300314B17 /* Main.storyboard */ = {
			isa = PBXVariantGroup;
			children = (
				5C5B1AB11D786CF300314B17 /* Base */,
			);
			name = Main.storyboard;
			sourceTree = "<group>";
		};
		5C5B1AB51D786CF300314B17 /* LaunchScreen.storyboard */ = {
			isa = PBXVariantGroup;
			children = (
				5C5B1AB61D786CF300314B17 /* Base */,
			);
			name = LaunchScreen.storyboard;
			sourceTree = "<group>";
		};
/* End PBXVariantGroup section */

/* Begin XCBuildConfiguration section */
		5C5B1AB91D786CF300314B17 /* Debug */ = {
			isa = XCBuildConfiguration;
			buildSettings = {
				ALWAYS_SEARCH_USER_PATHS = NO;
				CLANG_ANALYZER_NONNULL = YES;
				CLANG_CXX_LANGUAGE_STANDARD = "gnu++0x";
				CLANG_CXX_LIBRARY = "libc++";
				CLANG_ENABLE_MODULES = YES;
				CLANG_ENABLE_OBJC_ARC = YES;
				CLANG_WARN_BOOL_CONVERSION = YES;
				CLANG_WARN_CONSTANT_CONVERSION = YES;
				CLANG_WARN_DIRECT_OBJC_ISA_USAGE = YES_ERROR;
				CLANG_WARN_EMPTY_BODY = YES;
				CLANG_WARN_ENUM_CONVERSION = YES;
				CLANG_WARN_INT_CONVERSION = YES;
				CLANG_WARN_OBJC_ROOT_CLASS = YES_ERROR;
				CLANG_WARN_UNREACHABLE_CODE = YES;
				CLANG_WARN__DUPLICATE_METHOD_MATCH = YES;
				"CODE_SIGN_IDENTITY[sdk=iphoneos*]" = "iPhone Developer";
				COPY_PHASE_STRIP = NO;
				DEBUG_INFORMATION_FORMAT = dwarf;
				ENABLE_STRICT_OBJC_MSGSEND = YES;
				ENABLE_TESTABILITY = YES;
				GCC_C_LANGUAGE_STANDARD = gnu99;
				GCC_DYNAMIC_NO_PIC = NO;
				GCC_NO_COMMON_BLOCKS = YES;
				GCC_OPTIMIZATION_LEVEL = 0;
				GCC_PREPROCESSOR_DEFINITIONS = (
					"DEBUG=1",
					"$(inherited)",
				);
				GCC_WARN_64_TO_32_BIT_CONVERSION = YES;
				GCC_WARN_ABOUT_RETURN_TYPE = YES_ERROR;
				GCC_WARN_UNDECLARED_SELECTOR = YES;
				GCC_WARN_UNINITIALIZED_AUTOS = YES_AGGRESSIVE;
				GCC_WARN_UNUSED_FUNCTION = YES;
				GCC_WARN_UNUSED_VARIABLE = YES;
				IPHONEOS_DEPLOYMENT_TARGET = 9.3;
				MTL_ENABLE_DEBUG_INFO = YES;
				ONLY_ACTIVE_ARCH = YES;
				SDKROOT = iphoneos;
				SWIFT_OPTIMIZATION_LEVEL = "-Onone";
			};
			name = Debug;
		};
		5C5B1ABA1D786CF300314B17 /* Release */ = {
			isa = XCBuildConfiguration;
			buildSettings = {
				ALWAYS_SEARCH_USER_PATHS = NO;
				CLANG_ANALYZER_NONNULL = YES;
				CLANG_CXX_LANGUAGE_STANDARD = "gnu++0x";
				CLANG_CXX_LIBRARY = "libc++";
				CLANG_ENABLE_MODULES = YES;
				CLANG_ENABLE_OBJC_ARC = YES;
				CLANG_WARN_BOOL_CONVERSION = YES;
				CLANG_WARN_CONSTANT_CONVERSION = YES;
				CLANG_WARN_DIRECT_OBJC_ISA_USAGE = YES_ERROR;
				CLANG_WARN_EMPTY_BODY = YES;
				CLANG_WARN_ENUM_CONVERSION = YES;
				CLANG_WARN_INT_CONVERSION = YES;
				CLANG_WARN_OBJC_ROOT_CLASS = YES_ERROR;
				CLANG_WARN_UNREACHABLE_CODE = YES;
				CLANG_WARN__DUPLICATE_METHOD_MATCH = YES;
				"CODE_SIGN_IDENTITY[sdk=iphoneos*]" = "iPhone Developer";
				COPY_PHASE_STRIP = NO;
				DEBUG_INFORMATION_FORMAT = "dwarf-with-dsym";
				ENABLE_NS_ASSERTIONS = NO;
				ENABLE_STRICT_OBJC_MSGSEND = YES;
				GCC_C_LANGUAGE_STANDARD = gnu99;
				GCC_NO_COMMON_BLOCKS = YES;
				GCC_WARN_64_TO_32_BIT_CONVERSION = YES;
				GCC_WARN_ABOUT_RETURN_TYPE = YES_ERROR;
				GCC_WARN_UNDECLARED_SELECTOR = YES;
				GCC_WARN_UNINITIALIZED_AUTOS = YES_AGGRESSIVE;
				GCC_WARN_UNUSED_FUNCTION = YES;
				GCC_WARN_UNUSED_VARIABLE = YES;
				IPHONEOS_DEPLOYMENT_TARGET = 9.3;
				MTL_ENABLE_DEBUG_INFO = NO;
				SDKROOT = iphoneos;
				VALIDATE_PRODUCT = YES;
			};
			name = Release;
		};
		5C5B1ABC1D786CF300314B17 /* Debug */ = {
			isa = XCBuildConfiguration;
			baseConfigurationReference = A74632D8A91035E1315DA660 /* Pods-MyLocations.debug.xcconfig */;
			buildSettings = {
				ASSETCATALOG_COMPILER_APPICON_NAME = AppIcon;
				INFOPLIST_FILE = MyLocations/Info.plist;
				LD_RUNPATH_SEARCH_PATHS = "$(inherited) @executable_path/Frameworks";
				PRODUCT_BUNDLE_IDENTIFIER = be.businesstraining.MyLocations;
				PRODUCT_NAME = "$(TARGET_NAME)";
				SWIFT_OBJC_BRIDGING_HEADER = "MyLocations/MyLocations-BridgingHeader.h";
			};
			name = Debug;
		};
		5C5B1ABD1D786CF300314B17 /* Release */ = {
			isa = XCBuildConfiguration;
			baseConfigurationReference = 6E9466CDE31F5A31D42BE92D /* Pods-MyLocations.release.xcconfig */;
			buildSettings = {
				ASSETCATALOG_COMPILER_APPICON_NAME = AppIcon;
				INFOPLIST_FILE = MyLocations/Info.plist;
				LD_RUNPATH_SEARCH_PATHS = "$(inherited) @executable_path/Frameworks";
				PRODUCT_BUNDLE_IDENTIFIER = be.businesstraining.MyLocations;
				PRODUCT_NAME = "$(TARGET_NAME)";
				SWIFT_OBJC_BRIDGING_HEADER = "MyLocations/MyLocations-BridgingHeader.h";
			};
			name = Release;
		};
/* End XCBuildConfiguration section */

/* Begin XCConfigurationList section */
		5C5B1AA21D786CF300314B17 /* Build configuration list for PBXProject "MyLocations" */ = {
			isa = XCConfigurationList;
			buildConfigurations = (
				5C5B1AB91D786CF300314B17 /* Debug */,
				5C5B1ABA1D786CF300314B17 /* Release */,
			);
			defaultConfigurationIsVisible = 0;
			defaultConfigurationName = Release;
		};
		5C5B1ABB1D786CF300314B17 /* Build configuration list for PBXNativeTarget "MyLocations" */ = {
			isa = XCConfigurationList;
			buildConfigurations = (
				5C5B1ABC1D786CF300314B17 /* Debug */,
				5C5B1ABD1D786CF300314B17 /* Release */,
			);
			defaultConfigurationIsVisible = 0;
			defaultConfigurationName = Release;
		};
/* End XCConfigurationList section */

/* Begin XCVersionGroup section */
		5C46E48C1D7D9ABD00AC6DD7 /* DataModel.xcdatamodeld */ = {
			isa = XCVersionGroup;
			children = (
				5C46E48D1D7D9ABD00AC6DD7 /* DataModel.xcdatamodel */,
			);
			currentVersion = 5C46E48D1D7D9ABD00AC6DD7 /* DataModel.xcdatamodel */;
			path = DataModel.xcdatamodeld;
			sourceTree = "<group>";
			versionGroupType = wrapper.xcdatamodel;
		};
/* End XCVersionGroup section */
	};
	rootObject = 5C5B1A9F1D786CF300314B17 /* Project object */;
}
